
Microsoft Visual Studio Solution File, Format Version 12.00
# Visual Studio Version 16
VisualStudioVersion = 16.0.29613.14
MinimumVisualStudioVersion = 10.0.40219.1
Project("{FAE04EC0-301F-11D3-BF4B-00C04F79EFBC}") = "RabbitDemoPublisher", "RabbitDemoPublisher\RabbitDemoPublisher.csproj", "{5CA512AC-63F7-4A3C-B8A4-262A83055155}"
EndProject
Project("{FAE04EC0-301F-11D3-BF4B-00C04F79EFBC}") = "RabbitConsumer", "RabbitConsumer\RabbitConsumer.csproj", "{3852F051-7625-4FCE-BCCA-C5BD4FAA8988}"
EndProject
Global
	GlobalSection(SolutionConfigurationPlatforms) = preSolution
		Debug|Any CPU = Debug|Any CPU
		Release|Any CPU = Release|Any CPU
	EndGlobalSection
	GlobalSection(ProjectConfigurationPlatforms) = postSolution
		{5CA512AC-63F7-4A3C-B8A4-262A83055155}.Debug|Any CPU.ActiveCfg = Debug|Any CPU
		{5CA512AC-63F7-4A3C-B8A4-262A83055155}.Debug|Any CPU.Build.0 = Debug|Any CPU
		{5CA512AC-63F7-4A3C-B8A4-262A83055155}.Release|Any CPU.ActiveCfg = Release|Any CPU
		{5CA512AC-63F7-4A3C-B8A4-262A83055155}.Release|Any CPU.Build.0 = Release|Any CPU
		{3852F051-7625-4FCE-BCCA-C5BD4FAA8988}.Debug|Any CPU.ActiveCfg = Debug|Any CPU
		{3852F051-7625-4FCE-BCCA-C5BD4FAA8988}.Debug|Any CPU.Build.0 = Debug|Any CPU
		{3852F051-7625-4FCE-BCCA-C5BD4FAA8988}.Release|Any CPU.ActiveCfg = Release|Any CPU
		{3852F051-7625-4FCE-BCCA-C5BD4FAA8988}.Release|Any CPU.Build.0 = Release|Any CPU
	EndGlobalSection
	GlobalSection(SolutionProperties) = preSolution
		HideSolutionNode = FALSE
	EndGlobalSection
	GlobalSection(ExtensibilityGlobals) = postSolution
		SolutionGuid = {060D61DF-998E-465D-A285-EAE0BE16BBAD}
	EndGlobalSection
EndGlobal
